
Microsoft Visual Studio Solution File, Format Version 12.00
# Visual Studio Version 17
VisualStudioVersion = 17.8.34330.188
MinimumVisualStudioVersion = 10.0.40219.1
Project("{9A19103F-16F7-4668-BE54-9A1E7A4F7556}") = "Binge.API", "Binge.API\Binge.API.csproj", "{E6BC8933-97ED-49AB-81AC-7FA37B2DC0CC}"
EndProject
Project("{9A19103F-16F7-4668-BE54-9A1E7A4F7556}") = "Bing.Db", "Bing.Db\Bing.Db.csproj", "{1D788424-DEC0-48DB-AD08-52C1FD1FABE9}"
EndProject
Project("{9A19103F-16F7-4668-BE54-9A1E7A4F7556}") = "Bing.Models", "Bing.Models\Bing.Models.csproj", "{8C86E407-42F3-41FF-BCB0-744D36EC35A1}"
EndProject
Project("{9A19103F-16F7-4668-BE54-9A1E7A4F7556}") = "Bing.Service", "Bing.Service\Bing.Service.csproj", "{AE873626-BE14-4C98-BB1C-D8B2039D21E9}"
EndProject
Project("{FAE04EC0-301F-11D3-BF4B-00C04F79EFBC}") = "Bing.Search.Test", "Bing.Search.Test\Bing.Search.Test.csproj", "{A334CF47-AB77-46C1-9696-33A5258E3EA5}"
EndProject
Global
	GlobalSection(SolutionConfigurationPlatforms) = preSolution
		Debug|Any CPU = Debug|Any CPU
		Release|Any CPU = Release|Any CPU
	EndGlobalSection
	GlobalSection(ProjectConfigurationPlatforms) = postSolution
		{E6BC8933-97ED-49AB-81AC-7FA37B2DC0CC}.Debug|Any CPU.ActiveCfg = Debug|Any CPU
		{E6BC8933-97ED-49AB-81AC-7FA37B2DC0CC}.Debug|Any CPU.Build.0 = Debug|Any CPU
		{E6BC8933-97ED-49AB-81AC-7FA37B2DC0CC}.Release|Any CPU.ActiveCfg = Release|Any CPU
		{E6BC8933-97ED-49AB-81AC-7FA37B2DC0CC}.Release|Any CPU.Build.0 = Release|Any CPU
		{1D788424-DEC0-48DB-AD08-52C1FD1FABE9}.Debug|Any CPU.ActiveCfg = Debug|Any CPU
		{1D788424-DEC0-48DB-AD08-52C1FD1FABE9}.Debug|Any CPU.Build.0 = Debug|Any CPU
		{1D788424-DEC0-48DB-AD08-52C1FD1FABE9}.Release|Any CPU.ActiveCfg = Release|Any CPU
		{1D788424-DEC0-48DB-AD08-52C1FD1FABE9}.Release|Any CPU.Build.0 = Release|Any CPU
		{8C86E407-42F3-41FF-BCB0-744D36EC35A1}.Debug|Any CPU.ActiveCfg = Debug|Any CPU
		{8C86E407-42F3-41FF-BCB0-744D36EC35A1}.Debug|Any CPU.Build.0 = Debug|Any CPU
		{8C86E407-42F3-41FF-BCB0-744D36EC35A1}.Release|Any CPU.ActiveCfg = Release|Any CPU
		{8C86E407-42F3-41FF-BCB0-744D36EC35A1}.Release|Any CPU.Build.0 = Release|Any CPU
		{AE873626-BE14-4C98-BB1C-D8B2039D21E9}.Debug|Any CPU.ActiveCfg = Debug|Any CPU
		{AE873626-BE14-4C98-BB1C-D8B2039D21E9}.Debug|Any CPU.Build.0 = Debug|Any CPU
		{AE873626-BE14-4C98-BB1C-D8B2039D21E9}.Release|Any CPU.ActiveCfg = Release|Any CPU
		{AE873626-BE14-4C98-BB1C-D8B2039D21E9}.Release|Any CPU.Build.0 = Release|Any CPU
		{A334CF47-AB77-46C1-9696-33A5258E3EA5}.Debug|Any CPU.ActiveCfg = Debug|Any CPU
		{A334CF47-AB77-46C1-9696-33A5258E3EA5}.Debug|Any CPU.Build.0 = Debug|Any CPU
		{A334CF47-AB77-46C1-9696-33A5258E3EA5}.Release|Any CPU.ActiveCfg = Release|Any CPU
		{A334CF47-AB77-46C1-9696-33A5258E3EA5}.Release|Any CPU.Build.0 = Release|Any CPU
	EndGlobalSection
	GlobalSection(SolutionProperties) = preSolution
		HideSolutionNode = FALSE
	EndGlobalSection
	GlobalSection(ExtensibilityGlobals) = postSolution
		SolutionGuid = {A641A027-0AEF-4259-96EC-205C2FEEB4B0}
	EndGlobalSection
EndGlobal
